
Microsoft Visual Studio Solution File, Format Version 12.00
# Visual Studio Version 16
VisualStudioVersion = 16.0.28803.352
MinimumVisualStudioVersion = 10.0.40219.1
Project("{FAE04EC0-301F-11D3-BF4B-00C04F79EFBC}") = "Food Pantry", "Food Pantry\Food Pantry.csproj", "{AC0A6D02-60F3-46FD-806D-CC5898A9CDAD}"
EndProject
Global
	GlobalSection(SolutionConfigurationPlatforms) = preSolution
		Debug|Any CPU = Debug|Any CPU
		Release|Any CPU = Release|Any CPU
	EndGlobalSection
	GlobalSection(ProjectConfigurationPlatforms) = postSolution
		{AC0A6D02-60F3-46FD-806D-CC5898A9CDAD}.Debug|Any CPU.ActiveCfg = Debug|Any CPU
		{AC0A6D02-60F3-46FD-806D-CC5898A9CDAD}.Debug|Any CPU.Build.0 = Debug|Any CPU
		{AC0A6D02-60F3-46FD-806D-CC5898A9CDAD}.Release|Any CPU.ActiveCfg = Release|Any CPU
		{AC0A6D02-60F3-46FD-806D-CC5898A9CDAD}.Release|Any CPU.Build.0 = Release|Any CPU
	EndGlobalSection
	GlobalSection(SolutionProperties) = preSolution
		HideSolutionNode = FALSE
	EndGlobalSection
	GlobalSection(ExtensibilityGlobals) = postSolution
		SolutionGuid = {3D64EE27-8207-4632-9668-CF209F4ECED1}
	EndGlobalSection
EndGlobal
